
Microsoft Visual Studio Solution File, Format Version 12.00
# Visual Studio 15
VisualStudioVersion = 15.0.28307.1321
MinimumVisualStudioVersion = 10.0.40219.1
Project("{8BC9CEB8-8B4A-11D0-8D11-00A0C91BC942}") = "PocketFsmDemo", "PocketFsmDemo\PocketFsmDemo.vcxproj", "{8B7C6007-E752-4DC9-B65B-8D58E9D8915C}"
EndProject
Project("{8BC9CEB8-8B4A-11D0-8D11-00A0C91BC942}") = "DatingSim", "DatingSim\SimplestStateMachine.vcxproj", "{2F9AB5F3-2255-452C-8FBC-CD928D557B7C}"
EndProject
Project("{8BC9CEB8-8B4A-11D0-8D11-00A0C91BC942}") = "CombinationSafe", "CombinationSafe\CombinationLock.vcxproj", "{D04953FF-C334-44E0-BAD1-4493849A7772}"
EndProject
Global
	GlobalSection(SolutionConfigurationPlatforms) = preSolution
		Debug|x64 = Debug|x64
		Debug|x86 = Debug|x86
		Release|x64 = Release|x64
		Release|x86 = Release|x86
	EndGlobalSection
	GlobalSection(ProjectConfigurationPlatforms) = postSolution
		{8B7C6007-E752-4DC9-B65B-8D58E9D8915C}.Debug|x64.ActiveCfg = Debug|x64
		{8B7C6007-E752-4DC9-B65B-8D58E9D8915C}.Debug|x64.Build.0 = Debug|x64
		{8B7C6007-E752-4DC9-B65B-8D58E9D8915C}.Debug|x86.ActiveCfg = Debug|Win32
		{8B7C6007-E752-4DC9-B65B-8D58E9D8915C}.Debug|x86.Build.0 = Debug|Win32
		{8B7C6007-E752-4DC9-B65B-8D58E9D8915C}.Release|x64.ActiveCfg = Release|x64
		{8B7C6007-E752-4DC9-B65B-8D58E9D8915C}.Release|x64.Build.0 = Release|x64
		{8B7C6007-E752-4DC9-B65B-8D58E9D8915C}.Release|x86.ActiveCfg = Release|Win32
		{8B7C6007-E752-4DC9-B65B-8D58E9D8915C}.Release|x86.Build.0 = Release|Win32
		{2F9AB5F3-2255-452C-8FBC-CD928D557B7C}.Debug|x64.ActiveCfg = Debug|x64
		{2F9AB5F3-2255-452C-8FBC-CD928D557B7C}.Debug|x64.Build.0 = Debug|x64
		{2F9AB5F3-2255-452C-8FBC-CD928D557B7C}.Debug|x86.ActiveCfg = Debug|Win32
		{2F9AB5F3-2255-452C-8FBC-CD928D557B7C}.Debug|x86.Build.0 = Debug|Win32
		{2F9AB5F3-2255-452C-8FBC-CD928D557B7C}.Release|x64.ActiveCfg = Release|x64
		{2F9AB5F3-2255-452C-8FBC-CD928D557B7C}.Release|x64.Build.0 = Release|x64
		{2F9AB5F3-2255-452C-8FBC-CD928D557B7C}.Release|x86.ActiveCfg = Release|Win32
		{2F9AB5F3-2255-452C-8FBC-CD928D557B7C}.Release|x86.Build.0 = Release|Win32
		{D04953FF-C334-44E0-BAD1-4493849A7772}.Debug|x64.ActiveCfg = Debug|x64
		{D04953FF-C334-44E0-BAD1-4493849A7772}.Debug|x64.Build.0 = Debug|x64
		{D04953FF-C334-44E0-BAD1-4493849A7772}.Debug|x86.ActiveCfg = Debug|Win32
		{D04953FF-C334-44E0-BAD1-4493849A7772}.Debug|x86.Build.0 = Debug|Win32
		{D04953FF-C334-44E0-BAD1-4493849A7772}.Release|x64.ActiveCfg = Release|x64
		{D04953FF-C334-44E0-BAD1-4493849A7772}.Release|x64.Build.0 = Release|x64
		{D04953FF-C334-44E0-BAD1-4493849A7772}.Release|x86.ActiveCfg = Release|Win32
		{D04953FF-C334-44E0-BAD1-4493849A7772}.Release|x86.Build.0 = Release|Win32
	EndGlobalSection
	GlobalSection(SolutionProperties) = preSolution
		HideSolutionNode = FALSE
	EndGlobalSection
	GlobalSection(ExtensibilityGlobals) = postSolution
		SolutionGuid = {CD7F46C7-5572-416D-B712-D0160448F4D8}
	EndGlobalSection
EndGlobal
